
Microsoft Visual Studio Solution File, Format Version 12.00
# Visual Studio 15
VisualStudioVersion = 15.0.28010.2036
MinimumVisualStudioVersion = 10.0.40219.1
Project("{FAE04EC0-301F-11D3-BF4B-00C04F79EFBC}") = "Total and Average of numbers", "Total and Average of numbers\Total and Average of numbers.csproj", "{63B365A4-E5A7-4611-8627-9C3648A519F4}"
EndProject
Global
	GlobalSection(SolutionConfigurationPlatforms) = preSolution
		Debug|Any CPU = Debug|Any CPU
		Release|Any CPU = Release|Any CPU
	EndGlobalSection
	GlobalSection(ProjectConfigurationPlatforms) = postSolution
		{63B365A4-E5A7-4611-8627-9C3648A519F4}.Debug|Any CPU.ActiveCfg = Debug|Any CPU
		{63B365A4-E5A7-4611-8627-9C3648A519F4}.Debug|Any CPU.Build.0 = Debug|Any CPU
		{63B365A4-E5A7-4611-8627-9C3648A519F4}.Release|Any CPU.ActiveCfg = Release|Any CPU
		{63B365A4-E5A7-4611-8627-9C3648A519F4}.Release|Any CPU.Build.0 = Release|Any CPU
	EndGlobalSection
	GlobalSection(SolutionProperties) = preSolution
		HideSolutionNode = FALSE
	EndGlobalSection
	GlobalSection(ExtensibilityGlobals) = postSolution
		SolutionGuid = {36158316-8C40-40D1-BE2D-DC7515AE81AD}
	EndGlobalSection
EndGlobal
